
Microsoft Visual Studio Solution File, Format Version 12.00
# Visual Studio Version 16
VisualStudioVersion = 16.0.29709.97
MinimumVisualStudioVersion = 10.0.40219.1
Project("{FAE04EC0-301F-11D3-BF4B-00C04F79EFBC}") = "testbuddy", "testbuddy\testbuddy.csproj", "{88DA06CF-C132-4549-8FC3-8FC4FC854460}"
EndProject
Project("{FAE04EC0-301F-11D3-BF4B-00C04F79EFBC}") = "testy", "testy\testy.csproj", "{B5BCAD96-BC89-4CD5-B7F1-7CE6CE98C987}"
EndProject
Global
	GlobalSection(SolutionConfigurationPlatforms) = preSolution
		Debug|Any CPU = Debug|Any CPU
		Release|Any CPU = Release|Any CPU
	EndGlobalSection
	GlobalSection(ProjectConfigurationPlatforms) = postSolution
		{88DA06CF-C132-4549-8FC3-8FC4FC854460}.Debug|Any CPU.ActiveCfg = Debug|Any CPU
		{88DA06CF-C132-4549-8FC3-8FC4FC854460}.Debug|Any CPU.Build.0 = Debug|Any CPU
		{88DA06CF-C132-4549-8FC3-8FC4FC854460}.Release|Any CPU.ActiveCfg = Release|Any CPU
		{88DA06CF-C132-4549-8FC3-8FC4FC854460}.Release|Any CPU.Build.0 = Release|Any CPU
		{B5BCAD96-BC89-4CD5-B7F1-7CE6CE98C987}.Debug|Any CPU.ActiveCfg = Debug|Any CPU
		{B5BCAD96-BC89-4CD5-B7F1-7CE6CE98C987}.Debug|Any CPU.Build.0 = Debug|Any CPU
		{B5BCAD96-BC89-4CD5-B7F1-7CE6CE98C987}.Release|Any CPU.ActiveCfg = Release|Any CPU
		{B5BCAD96-BC89-4CD5-B7F1-7CE6CE98C987}.Release|Any CPU.Build.0 = Release|Any CPU
	EndGlobalSection
	GlobalSection(SolutionProperties) = preSolution
		HideSolutionNode = FALSE
	EndGlobalSection
	GlobalSection(ExtensibilityGlobals) = postSolution
		SolutionGuid = {6E36B35E-9A21-4C7D-8EE5-1262D393C4D6}
	EndGlobalSection
EndGlobal
